
Microsoft Visual Studio Solution File, Format Version 12.00
# Visual Studio Version 17
VisualStudioVersion = 17.9.34701.34
MinimumVisualStudioVersion = 10.0.40219.1
Project("{FAE04EC0-301F-11D3-BF4B-00C04F79EFBC}") = "ProyectoFinal_PapasDonuteria", "ProyectoFinal_PapasDonuteria\ProyectoFinal_PapasDonuteria.csproj", "{A64822E2-7421-4E3F-9E3D-A63F1600939C}"
EndProject
Global
	GlobalSection(SolutionConfigurationPlatforms) = preSolution
		Debug|Any CPU = Debug|Any CPU
		Release|Any CPU = Release|Any CPU
	EndGlobalSection
	GlobalSection(ProjectConfigurationPlatforms) = postSolution
		{A64822E2-7421-4E3F-9E3D-A63F1600939C}.Debug|Any CPU.ActiveCfg = Debug|Any CPU
		{A64822E2-7421-4E3F-9E3D-A63F1600939C}.Debug|Any CPU.Build.0 = Debug|Any CPU
		{A64822E2-7421-4E3F-9E3D-A63F1600939C}.Release|Any CPU.ActiveCfg = Release|Any CPU
		{A64822E2-7421-4E3F-9E3D-A63F1600939C}.Release|Any CPU.Build.0 = Release|Any CPU
	EndGlobalSection
	GlobalSection(SolutionProperties) = preSolution
		HideSolutionNode = FALSE
	EndGlobalSection
	GlobalSection(ExtensibilityGlobals) = postSolution
		SolutionGuid = {BC4AC3C0-0EA0-4E70-AF40-D157463022BB}
	EndGlobalSection
EndGlobal
